
Microsoft Visual Studio Solution File, Format Version 12.00
# Visual Studio Version 17
VisualStudioVersion = 17.6.33815.320
MinimumVisualStudioVersion = 10.0.40219.1
Project("{FAE04EC0-301F-11D3-BF4B-00C04F79EFBC}") = "Conday5 assignmt-5", "Conday5 assignmt-5.csproj", "{BF43BB4E-3A37-437A-8ACD-0B5AC5D332E3}"
EndProject
Global
	GlobalSection(SolutionConfigurationPlatforms) = preSolution
		Debug|Any CPU = Debug|Any CPU
		Release|Any CPU = Release|Any CPU
	EndGlobalSection
	GlobalSection(ProjectConfigurationPlatforms) = postSolution
		{BF43BB4E-3A37-437A-8ACD-0B5AC5D332E3}.Debug|Any CPU.ActiveCfg = Debug|Any CPU
		{BF43BB4E-3A37-437A-8ACD-0B5AC5D332E3}.Debug|Any CPU.Build.0 = Debug|Any CPU
		{BF43BB4E-3A37-437A-8ACD-0B5AC5D332E3}.Release|Any CPU.ActiveCfg = Release|Any CPU
		{BF43BB4E-3A37-437A-8ACD-0B5AC5D332E3}.Release|Any CPU.Build.0 = Release|Any CPU
	EndGlobalSection
	GlobalSection(SolutionProperties) = preSolution
		HideSolutionNode = FALSE
	EndGlobalSection
	GlobalSection(ExtensibilityGlobals) = postSolution
		SolutionGuid = {A00DEE6E-2574-4781-B726-76AF643628A1}
	EndGlobalSection
EndGlobal
